
Microsoft Visual Studio Solution File, Format Version 12.00
# Visual Studio Version 17
VisualStudioVersion = 17.12.35527.113
MinimumVisualStudioVersion = 10.0.40219.1
Project("{FAE04EC0-301F-11D3-BF4B-00C04F79EFBC}") = "Demo", "Demo\Demo.csproj", "{FE303A71-7047-4BE6-9783-BEE10EE01751}"
EndProject
Project("{FAE04EC0-301F-11D3-BF4B-00C04F79EFBC}") = "Task05", "Task05\Task05.csproj", "{22A2BF4A-27AB-4F6A-8F8B-365992F18F40}"
EndProject
Global
	GlobalSection(SolutionConfigurationPlatforms) = preSolution
		Debug|Any CPU = Debug|Any CPU
		Release|Any CPU = Release|Any CPU
	EndGlobalSection
	GlobalSection(ProjectConfigurationPlatforms) = postSolution
		{FE303A71-7047-4BE6-9783-BEE10EE01751}.Debug|Any CPU.ActiveCfg = Debug|Any CPU
		{FE303A71-7047-4BE6-9783-BEE10EE01751}.Debug|Any CPU.Build.0 = Debug|Any CPU
		{FE303A71-7047-4BE6-9783-BEE10EE01751}.Release|Any CPU.ActiveCfg = Release|Any CPU
		{FE303A71-7047-4BE6-9783-BEE10EE01751}.Release|Any CPU.Build.0 = Release|Any CPU
		{22A2BF4A-27AB-4F6A-8F8B-365992F18F40}.Debug|Any CPU.ActiveCfg = Debug|Any CPU
		{22A2BF4A-27AB-4F6A-8F8B-365992F18F40}.Debug|Any CPU.Build.0 = Debug|Any CPU
		{22A2BF4A-27AB-4F6A-8F8B-365992F18F40}.Release|Any CPU.ActiveCfg = Release|Any CPU
		{22A2BF4A-27AB-4F6A-8F8B-365992F18F40}.Release|Any CPU.Build.0 = Release|Any CPU
	EndGlobalSection
	GlobalSection(SolutionProperties) = preSolution
		HideSolutionNode = FALSE
	EndGlobalSection
EndGlobal
